// !$*UTF8*$!
{
	archiveVersion = 1;
	classes = {
	};
	objectVersion = 56;
	objects = {

/* Begin PBXBuildFile section */
		BF291EE5299D09210049E223 /* ReminderStatsBuilder.swift in Sources */ = {isa = PBXBuildFile; fileRef = BF291EE4299D09210049E223 /* ReminderStatsBuilder.swift */; };
		BF291EE7299D13160049E223 /* ReminderStatsView.swift in Sources */ = {isa = PBXBuildFile; fileRef = BF291EE6299D13160049E223 /* ReminderStatsView.swift */; };
		BF7D450629921CC00070E82B /* MyRemindersApp.swift in Sources */ = {isa = PBXBuildFile; fileRef = BF7D450529921CC00070E82B /* MyRemindersApp.swift */; };
		BF7D450829921CC00070E82B /* HomeView.swift in Sources */ = {isa = PBXBuildFile; fileRef = BF7D450729921CC00070E82B /* HomeView.swift */; };
		BF7D450A29921CC20070E82B /* Assets.xcassets in Resources */ = {isa = PBXBuildFile; fileRef = BF7D450929921CC20070E82B /* Assets.xcassets */; };
		BF7D450D29921CC20070E82B /* Preview Assets.xcassets in Resources */ = {isa = PBXBuildFile; fileRef = BF7D450C29921CC20070E82B /* Preview Assets.xcassets */; };
		BF7D451A29921D3F0070E82B /* CoreDataProvider.swift in Sources */ = {isa = PBXBuildFile; fileRef = BF7D451929921D3F0070E82B /* CoreDataProvider.swift */; };
		BF7D451D2992218C0070E82B /* RemindersModel.xcdatamodeld in Sources */ = {isa = PBXBuildFile; fileRef = BF7D451B2992218C0070E82B /* RemindersModel.xcdatamodeld */; };
		BF7D4520299225860070E82B /* MyList+CoreDataClass.swift in Sources */ = {isa = PBXBuildFile; fileRef = BF7D451F299225860070E82B /* MyList+CoreDataClass.swift */; };
		BF7D4522299225C00070E82B /* MyList+CoreDataProperties.swift in Sources */ = {isa = PBXBuildFile; fileRef = BF7D4521299225C00070E82B /* MyList+CoreDataProperties.swift */; };
		BF7D45252992376D0070E82B /* AddNewListView.swift in Sources */ = {isa = PBXBuildFile; fileRef = BF7D45242992376D0070E82B /* AddNewListView.swift */; };
		BF7D45272992395F0070E82B /* ColorPickerView.swift in Sources */ = {isa = PBXBuildFile; fileRef = BF7D45262992395F0070E82B /* ColorPickerView.swift */; };
		BFD01A5D2999361A002D26AF /* ReminderService.swift in Sources */ = {isa = PBXBuildFile; fileRef = BFD01A5C2999361A002D26AF /* ReminderService.swift */; };
		BFD01A60299939D0002D26AF /* UIColorTransformer.swift in Sources */ = {isa = PBXBuildFile; fileRef = BFD01A5F299939D0002D26AF /* UIColorTransformer.swift */; };
		BFD01A622999A6F4002D26AF /* MyListView.swift in Sources */ = {isa = PBXBuildFile; fileRef = BFD01A612999A6F4002D26AF /* MyListView.swift */; };
		BFD01A642999A90E002D26AF /* MyListCellView.swift in Sources */ = {isa = PBXBuildFile; fileRef = BFD01A632999A90E002D26AF /* MyListCellView.swift */; };
		BFD01A682999A99D002D26AF /* PreviewData.swift in Sources */ = {isa = PBXBuildFile; fileRef = BFD01A672999A99D002D26AF /* PreviewData.swift */; };
		BFD01A6B2999AC86002D26AF /* String+Extension.swift in Sources */ = {isa = PBXBuildFile; fileRef = BFD01A6A2999AC86002D26AF /* String+Extension.swift */; };
		BFD01A6E2999BE2E002D26AF /* MyListDetailView.swift in Sources */ = {isa = PBXBuildFile; fileRef = BFD01A6D2999BE2E002D26AF /* MyListDetailView.swift */; };
		BFD01A702999D546002D26AF /* ReminderListView.swift in Sources */ = {isa = PBXBuildFile; fileRef = BFD01A6F2999D546002D26AF /* ReminderListView.swift */; };
		BFD01A722999E543002D26AF /* ReminderCellView.swift in Sources */ = {isa = PBXBuildFile; fileRef = BFD01A712999E543002D26AF /* ReminderCellView.swift */; };
		BFD01A762999EB4A002D26AF /* Date+Extension.swift in Sources */ = {isa = PBXBuildFile; fileRef = BFD01A752999EB4A002D26AF /* Date+Extension.swift */; };
		BFD01A792999F36E002D26AF /* ReminderDetailView.swift in Sources */ = {isa = PBXBuildFile; fileRef = BFD01A782999F36E002D26AF /* ReminderDetailView.swift */; };
		BFD01A7C2999F4DF002D26AF /* ReminderEditConfig.swift in Sources */ = {isa = PBXBuildFile; fileRef = BFD01A7B2999F4DF002D26AF /* ReminderEditConfig.swift */; };
		BFD01A7F2999FA4B002D26AF /* CustomOperators.swift in Sources */ = {isa = PBXBuildFile; fileRef = BFD01A7E2999FA4B002D26AF /* CustomOperators.swift */; };
		BFD01A83299A69F7002D26AF /* SelectListView.swift in Sources */ = {isa = PBXBuildFile; fileRef = BFD01A82299A69F7002D26AF /* SelectListView.swift */; };
		BFD01A85299B4E0E002D26AF /* Delay.swift in Sources */ = {isa = PBXBuildFile; fileRef = BFD01A84299B4E0E002D26AF /* Delay.swift */; };
/* End PBXBuildFile section */

/* Begin PBXFileReference section */
		BF291EE4299D09210049E223 /* ReminderStatsBuilder.swift */ = {isa = PBXFileReference; lastKnownFileType = sourcecode.swift; path = ReminderStatsBuilder.swift; sourceTree = "<group>"; };
		BF291EE6299D13160049E223 /* ReminderStatsView.swift */ = {isa = PBXFileReference; lastKnownFileType = sourcecode.swift; path = ReminderStatsView.swift; sourceTree = "<group>"; };
		BF7D450229921CC00070E82B /* MyReminders.app */ = {isa = PBXFileReference; explicitFileType = wrapper.application; includeInIndex = 0; path = MyReminders.app; sourceTree = BUILT_PRODUCTS_DIR; };
		BF7D450529921CC00070E82B /* MyRemindersApp.swift */ = {isa = PBXFileReference; lastKnownFileType = sourcecode.swift; path = MyRemindersApp.swift; sourceTree = "<group>"; };
		BF7D450729921CC00070E82B /* HomeView.swift */ = {isa = PBXFileReference; lastKnownFileType = sourcecode.swift; path = HomeView.swift; sourceTree = "<group>"; };
		BF7D450929921CC20070E82B /* Assets.xcassets */ = {isa = PBXFileReference; lastKnownFileType = folder.assetcatalog; path = Assets.xcassets; sourceTree = "<group>"; };
		BF7D450C29921CC20070E82B /* Preview Assets.xcassets */ = {isa = PBXFileReference; lastKnownFileType = folder.assetcatalog; path = "Preview Assets.xcassets"; sourceTree = "<group>"; };
		BF7D451929921D3F0070E82B /* CoreDataProvider.swift */ = {isa = PBXFileReference; lastKnownFileType = sourcecode.swift; path = CoreDataProvider.swift; sourceTree = "<group>"; };
		BF7D451C2992218C0070E82B /* Model.xcdatamodel */ = {isa = PBXFileReference; lastKnownFileType = wrapper.xcdatamodel; path = Model.xcdatamodel; sourceTree = "<group>"; };
		BF7D451F299225860070E82B /* MyList+CoreDataClass.swift */ = {isa = PBXFileReference; lastKnownFileType = sourcecode.swift; path = "MyList+CoreDataClass.swift"; sourceTree = "<group>"; };
		BF7D4521299225C00070E82B /* MyList+CoreDataProperties.swift */ = {isa = PBXFileReference; lastKnownFileType = sourcecode.swift; path = "MyList+CoreDataProperties.swift"; sourceTree = "<group>"; };
		BF7D45242992376D0070E82B /* AddNewListView.swift */ = {isa = PBXFileReference; lastKnownFileType = sourcecode.swift; path = AddNewListView.swift; sourceTree = "<group>"; };
		BF7D45262992395F0070E82B /* ColorPickerView.swift */ = {isa = PBXFileReference; lastKnownFileType = sourcecode.swift; path = ColorPickerView.swift; sourceTree = "<group>"; };
		BFD01A5C2999361A002D26AF /* ReminderService.swift */ = {isa = PBXFileReference; lastKnownFileType = sourcecode.swift; path = ReminderService.swift; sourceTree = "<group>"; };
		BFD01A5F299939D0002D26AF /* UIColorTransformer.swift */ = {isa = PBXFileReference; lastKnownFileType = sourcecode.swift; path = UIColorTransformer.swift; sourceTree = "<group>"; };
		BFD01A612999A6F4002D26AF /* MyListView.swift */ = {isa = PBXFileReference; lastKnownFileType = sourcecode.swift; path = MyListView.swift; sourceTree = "<group>"; };
		BFD01A632999A90E002D26AF /* MyListCellView.swift */ = {isa = PBXFileReference; lastKnownFileType = sourcecode.swift; path = MyListCellView.swift; sourceTree = "<group>"; };
		BFD01A672999A99D002D26AF /* PreviewData.swift */ = {isa = PBXFileReference; lastKnownFileType = sourcecode.swift; path = PreviewData.swift; sourceTree = "<group>"; };
		BFD01A6A2999AC86002D26AF /* String+Extension.swift */ = {isa = PBXFileReference; lastKnownFileType = sourcecode.swift; path = "String+Extension.swift"; sourceTree = "<group>"; };
		BFD01A6D2999BE2E002D26AF /* MyListDetailView.swift */ = {isa = PBXFileReference; lastKnownFileType = sourcecode.swift; path = MyListDetailView.swift; sourceTree = "<group>"; };
		BFD01A6F2999D546002D26AF /* ReminderListView.swift */ = {isa = PBXFileReference; lastKnownFileType = sourcecode.swift; path = ReminderListView.swift; sourceTree = "<group>"; };
		BFD01A712999E543002D26AF /* ReminderCellView.swift */ = {isa = PBXFileReference; lastKnownFileType = sourcecode.swift; path = ReminderCellView.swift; sourceTree = "<group>"; };
		BFD01A752999EB4A002D26AF /* Date+Extension.swift */ = {isa = PBXFileReference; lastKnownFileType = sourcecode.swift; path = "Date+Extension.swift"; sourceTree = "<group>"; };
		BFD01A782999F36E002D26AF /* ReminderDetailView.swift */ = {isa = PBXFileReference; lastKnownFileType = sourcecode.swift; path = ReminderDetailView.swift; sourceTree = "<group>"; };
		BFD01A7B2999F4DF002D26AF /* ReminderEditConfig.swift */ = {isa = PBXFileReference; lastKnownFileType = sourcecode.swift; path = ReminderEditConfig.swift; sourceTree = "<group>"; };
		BFD01A7E2999FA4B002D26AF /* CustomOperators.swift */ = {isa = PBXFileReference; lastKnownFileType = sourcecode.swift; path = CustomOperators.swift; sourceTree = "<group>"; };
		BFD01A82299A69F7002D26AF /* SelectListView.swift */ = {isa = PBXFileReference; lastKnownFileType = sourcecode.swift; path = SelectListView.swift; sourceTree = "<group>"; };
		BFD01A84299B4E0E002D26AF /* Delay.swift */ = {isa = PBXFileReference; lastKnownFileType = sourcecode.swift; path = Delay.swift; sourceTree = "<group>"; };
/* End PBXFileReference section */

/* Begin PBXFrameworksBuildPhase section */
		BF7D44FF29921CC00070E82B /* Frameworks */ = {
			isa = PBXFrameworksBuildPhase;
			buildActionMask = 2147483647;
			files = (
			);
			runOnlyForDeploymentPostprocessing = 0;
		};
/* End PBXFrameworksBuildPhase section */

/* Begin PBXGroup section */
		BF291EE3299D08A00049E223 /* Builder */ = {
			isa = PBXGroup;
			children = (
				BF291EE4299D09210049E223 /* ReminderStatsBuilder.swift */,
			);
			path = Builder;
			sourceTree = "<group>";
		};
		BF7D44F929921CC00070E82B = {
			isa = PBXGroup;
			children = (
				BF7D450429921CC00070E82B /* MyReminders */,
				BF7D450329921CC00070E82B /* Products */,
			);
			sourceTree = "<group>";
		};
		BF7D450329921CC00070E82B /* Products */ = {
			isa = PBXGroup;
			children = (
				BF7D450229921CC00070E82B /* MyReminders.app */,
			);
			name = Products;
			sourceTree = "<group>";
		};
		BF7D450429921CC00070E82B /* MyReminders */ = {
			isa = PBXGroup;
			children = (
				BFD01A7D2999FA2D002D26AF /* Utils */,
				BFD01A692999AC71002D26AF /* Extensions */,
				BFD01A5E29993997002D26AF /* Transformers */,
				BFD01A5B299935E3002D26AF /* Services */,
				BF7D4523299233260070E82B /* Views */,
				BF7D451E299225510070E82B /* Models */,
				BF7D451829921D070070E82B /* Providers */,
				BF7D450529921CC00070E82B /* MyRemindersApp.swift */,
				BF7D450929921CC20070E82B /* Assets.xcassets */,
				BF7D450B29921CC20070E82B /* Preview Content */,
				BF7D451B2992218C0070E82B /* RemindersModel.xcdatamodeld */,
			);
			path = MyReminders;
			sourceTree = "<group>";
		};
		BF7D450B29921CC20070E82B /* Preview Content */ = {
			isa = PBXGroup;
			children = (
				BF7D450C29921CC20070E82B /* Preview Assets.xcassets */,
				BFD01A672999A99D002D26AF /* PreviewData.swift */,
			);
			path = "Preview Content";
			sourceTree = "<group>";
		};
		BF7D451829921D070070E82B /* Providers */ = {
			isa = PBXGroup;
			children = (
				BF7D451929921D3F0070E82B /* CoreDataProvider.swift */,
			);
			path = Providers;
			sourceTree = "<group>";
		};
		BF7D451E299225510070E82B /* Models */ = {
			isa = PBXGroup;
			children = (
				BF291EE3299D08A00049E223 /* Builder */,
				BFD01A7A2999F4B2002D26AF /* EditConfig */,
				BF7D451F299225860070E82B /* MyList+CoreDataClass.swift */,
				BF7D4521299225C00070E82B /* MyList+CoreDataProperties.swift */,
			);
			path = Models;
			sourceTree = "<group>";
		};
		BF7D4523299233260070E82B /* Views */ = {
			isa = PBXGroup;
			children = (
				BFD01A652999A930002D26AF /* Home */,
				BFD01A662999A93A002D26AF /* AddNewList */,
				BFD01A6C2999BE1D002D26AF /* MyListDetail */,
				BFD01A772999F350002D26AF /* ReminderDetail */,
				BFD01A81299A69DC002D26AF /* SelectList */,
			);
			path = Views;
			sourceTree = "<group>";
		};
		BFD01A5B299935E3002D26AF /* Services */ = {
			isa = PBXGroup;
			children = (
				BFD01A5C2999361A002D26AF /* ReminderService.swift */,
			);
			path = Services;
			sourceTree = "<group>";
		};
		BFD01A5E29993997002D26AF /* Transformers */ = {
			isa = PBXGroup;
			children = (
				BFD01A5F299939D0002D26AF /* UIColorTransformer.swift */,
			);
			path = Transformers;
			sourceTree = "<group>";
		};
		BFD01A652999A930002D26AF /* Home */ = {
			isa = PBXGroup;
			children = (
				BF7D450729921CC00070E82B /* HomeView.swift */,
				BF291EE6299D13160049E223 /* ReminderStatsView.swift */,
				BFD01A612999A6F4002D26AF /* MyListView.swift */,
				BFD01A632999A90E002D26AF /* MyListCellView.swift */,
			);
			path = Home;
			sourceTree = "<group>";
		};
		BFD01A662999A93A002D26AF /* AddNewList */ = {
			isa = PBXGroup;
			children = (
				BF7D45242992376D0070E82B /* AddNewListView.swift */,
				BF7D45262992395F0070E82B /* ColorPickerView.swift */,
			);
			path = AddNewList;
			sourceTree = "<group>";
		};
		BFD01A692999AC71002D26AF /* Extensions */ = {
			isa = PBXGroup;
			children = (
				BFD01A6A2999AC86002D26AF /* String+Extension.swift */,
				BFD01A752999EB4A002D26AF /* Date+Extension.swift */,
			);
			path = Extensions;
			sourceTree = "<group>";
		};
		BFD01A6C2999BE1D002D26AF /* MyListDetail */ = {
			isa = PBXGroup;
			children = (
				BFD01A6D2999BE2E002D26AF /* MyListDetailView.swift */,
				BFD01A6F2999D546002D26AF /* ReminderListView.swift */,
				BFD01A712999E543002D26AF /* ReminderCellView.swift */,
			);
			path = MyListDetail;
			sourceTree = "<group>";
		};
		BFD01A772999F350002D26AF /* ReminderDetail */ = {
			isa = PBXGroup;
			children = (
				BFD01A782999F36E002D26AF /* ReminderDetailView.swift */,
			);
			path = ReminderDetail;
			sourceTree = "<group>";
		};
		BFD01A7A2999F4B2002D26AF /* EditConfig */ = {
			isa = PBXGroup;
			children = (
				BFD01A7B2999F4DF002D26AF /* ReminderEditConfig.swift */,
			);
			path = EditConfig;
			sourceTree = "<group>";
		};
		BFD01A7D2999FA2D002D26AF /* Utils */ = {
			isa = PBXGroup;
			children = (
				BFD01A7E2999FA4B002D26AF /* CustomOperators.swift */,
				BFD01A84299B4E0E002D26AF /* Delay.swift */,
			);
			path = Utils;
			sourceTree = "<group>";
		};
		BFD01A81299A69DC002D26AF /* SelectList */ = {
			isa = PBXGroup;
			children = (
				BFD01A82299A69F7002D26AF /* SelectListView.swift */,
			);
			path = SelectList;
			sourceTree = "<group>";
		};
/* End PBXGroup section */

/* Begin PBXNativeTarget section */
		BF7D450129921CC00070E82B /* MyReminders */ = {
			isa = PBXNativeTarget;
			buildConfigurationList = BF7D451529921CC20070E82B /* Build configuration list for PBXNativeTarget "MyReminders" */;
			buildPhases = (
				BF7D44FE29921CC00070E82B /* Sources */,
				BF7D44FF29921CC00070E82B /* Frameworks */,
				BF7D450029921CC00070E82B /* Resources */,
			);
			buildRules = (
			);
			dependencies = (
			);
			name = MyReminders;
			productName = MyReminder;
			productReference = BF7D450229921CC00070E82B /* MyReminders.app */;
			productType = "com.apple.product-type.application";
		};
/* End PBXNativeTarget section */

/* Begin PBXProject section */
		BF7D44FA29921CC00070E82B /* Project object */ = {
			isa = PBXProject;
			attributes = {
				BuildIndependentTargetsInParallel = 1;
				LastSwiftUpdateCheck = 1420;
				LastUpgradeCheck = 1420;
				TargetAttributes = {
					BF7D450129921CC00070E82B = {
						CreatedOnToolsVersion = 14.2;
					};
				};
			};
			buildConfigurationList = BF7D44FD29921CC00070E82B /* Build configuration list for PBXProject "MyReminders" */;
			compatibilityVersion = "Xcode 14.0";
			developmentRegion = en;
			hasScannedForEncodings = 0;
			knownRegions = (
				en,
				Base,
			);
			mainGroup = BF7D44F929921CC00070E82B;
			productRefGroup = BF7D450329921CC00070E82B /* Products */;
			projectDirPath = "";
			projectRoot = "";
			targets = (
				BF7D450129921CC00070E82B /* MyReminders */,
			);
		};
/* End PBXProject section */

/* Begin PBXResourcesBuildPhase section */
		BF7D450029921CC00070E82B /* Resources */ = {
			isa = PBXResourcesBuildPhase;
			buildActionMask = 2147483647;
			files = (
				BF7D450D29921CC20070E82B /* Preview Assets.xcassets in Resources */,
				BF7D450A29921CC20070E82B /* Assets.xcassets in Resources */,
			);
			runOnlyForDeploymentPostprocessing = 0;
		};
/* End PBXResourcesBuildPhase section */

/* Begin PBXSourcesBuildPhase section */
		BF7D44FE29921CC00070E82B /* Sources */ = {
			isa = PBXSourcesBuildPhase;
			buildActionMask = 2147483647;
			files = (
				BFD01A642999A90E002D26AF /* MyListCellView.swift in Sources */,
				BF7D45272992395F0070E82B /* ColorPickerView.swift in Sources */,
				BF7D450829921CC00070E82B /* HomeView.swift in Sources */,
				BF7D4520299225860070E82B /* MyList+CoreDataClass.swift in Sources */,
				BFD01A682999A99D002D26AF /* PreviewData.swift in Sources */,
				BFD01A60299939D0002D26AF /* UIColorTransformer.swift in Sources */,
				BFD01A6E2999BE2E002D26AF /* MyListDetailView.swift in Sources */,
				BF7D450629921CC00070E82B /* MyRemindersApp.swift in Sources */,
				BF7D451A29921D3F0070E82B /* CoreDataProvider.swift in Sources */,
				BF291EE5299D09210049E223 /* ReminderStatsBuilder.swift in Sources */,
				BF291EE7299D13160049E223 /* ReminderStatsView.swift in Sources */,
				BFD01A7C2999F4DF002D26AF /* ReminderEditConfig.swift in Sources */,
				BFD01A6B2999AC86002D26AF /* String+Extension.swift in Sources */,
				BF7D45252992376D0070E82B /* AddNewListView.swift in Sources */,
				BF7D451D2992218C0070E82B /* RemindersModel.xcdatamodeld in Sources */,
				BF7D4522299225C00070E82B /* MyList+CoreDataProperties.swift in Sources */,
				BFD01A792999F36E002D26AF /* ReminderDetailView.swift in Sources */,
				BFD01A622999A6F4002D26AF /* MyListView.swift in Sources */,
				BFD01A702999D546002D26AF /* ReminderListView.swift in Sources */,
				BFD01A5D2999361A002D26AF /* ReminderService.swift in Sources */,
				BFD01A83299A69F7002D26AF /* SelectListView.swift in Sources */,
				BFD01A722999E543002D26AF /* ReminderCellView.swift in Sources */,
				BFD01A762999EB4A002D26AF /* Date+Extension.swift in Sources */,
				BFD01A7F2999FA4B002D26AF /* CustomOperators.swift in Sources */,
				BFD01A85299B4E0E002D26AF /* Delay.swift in Sources */,
			);
			runOnlyForDeploymentPostprocessing = 0;
		};
/* End PBXSourcesBuildPhase section */

/* Begin XCBuildConfiguration section */
		BF7D451329921CC20070E82B /* Debug */ = {
			isa = XCBuildConfiguration;
			buildSettings = {
				ALWAYS_SEARCH_USER_PATHS = NO;
				CLANG_ANALYZER_NONNULL = YES;
				CLANG_ANALYZER_NUMBER_OBJECT_CONVERSION = YES_AGGRESSIVE;
				CLANG_CXX_LANGUAGE_STANDARD = "gnu++20";
				CLANG_ENABLE_MODULES = YES;
				CLANG_ENABLE_OBJC_ARC = YES;
				CLANG_ENABLE_OBJC_WEAK = YES;
				CLANG_WARN_BLOCK_CAPTURE_AUTORELEASING = YES;
				CLANG_WARN_BOOL_CONVERSION = YES;
				CLANG_WARN_COMMA = YES;
				CLANG_WARN_CONSTANT_CONVERSION = YES;
				CLANG_WARN_DEPRECATED_OBJC_IMPLEMENTATIONS = YES;
				CLANG_WARN_DIRECT_OBJC_ISA_USAGE = YES_ERROR;
				CLANG_WARN_DOCUMENTATION_COMMENTS = YES;
				CLANG_WARN_EMPTY_BODY = YES;
				CLANG_WARN_ENUM_CONVERSION = YES;
				CLANG_WARN_INFINITE_RECURSION = YES;
				CLANG_WARN_INT_CONVERSION = YES;
				CLANG_WARN_NON_LITERAL_NULL_CONVERSION = YES;
				CLANG_WARN_OBJC_IMPLICIT_RETAIN_SELF = YES;
				CLANG_WARN_OBJC_LITERAL_CONVERSION = YES;
				CLANG_WARN_OBJC_ROOT_CLASS = YES_ERROR;
				CLANG_WARN_QUOTED_INCLUDE_IN_FRAMEWORK_HEADER = YES;
				CLANG_WARN_RANGE_LOOP_ANALYSIS = YES;
				CLANG_WARN_STRICT_PROTOTYPES = YES;
				CLANG_WARN_SUSPICIOUS_MOVE = YES;
				CLANG_WARN_UNGUARDED_AVAILABILITY = YES_AGGRESSIVE;
				CLANG_WARN_UNREACHABLE_CODE = YES;
				CLANG_WARN__DUPLICATE_METHOD_MATCH = YES;
				COPY_PHASE_STRIP = NO;
				DEBUG_INFORMATION_FORMAT = dwarf;
				ENABLE_STRICT_OBJC_MSGSEND = YES;
				ENABLE_TESTABILITY = YES;
				GCC_C_LANGUAGE_STANDARD = gnu11;
				GCC_DYNAMIC_NO_PIC = NO;
				GCC_NO_COMMON_BLOCKS = YES;
				GCC_OPTIMIZATION_LEVEL = 0;
				GCC_PREPROCESSOR_DEFINITIONS = (
					"DEBUG=1",
					"$(inherited)",
				);
				GCC_WARN_64_TO_32_BIT_CONVERSION = YES;
				GCC_WARN_ABOUT_RETURN_TYPE = YES_ERROR;
				GCC_WARN_UNDECLARED_SELECTOR = YES;
				GCC_WARN_UNINITIALIZED_AUTOS = YES_AGGRESSIVE;
				GCC_WARN_UNUSED_FUNCTION = YES;
				GCC_WARN_UNUSED_VARIABLE = YES;
				IPHONEOS_DEPLOYMENT_TARGET = 16.2;
				MTL_ENABLE_DEBUG_INFO = INCLUDE_SOURCE;
				MTL_FAST_MATH = YES;
				ONLY_ACTIVE_ARCH = YES;
				SDKROOT = iphoneos;
				SWIFT_ACTIVE_COMPILATION_CONDITIONS = DEBUG;
				SWIFT_OPTIMIZATION_LEVEL = "-Onone";
			};
			name = Debug;
		};
		BF7D451429921CC20070E82B /* Release */ = {
			isa = XCBuildConfiguration;
			buildSettings = {
				ALWAYS_SEARCH_USER_PATHS = NO;
				CLANG_ANALYZER_NONNULL = YES;
				CLANG_ANALYZER_NUMBER_OBJECT_CONVERSION = YES_AGGRESSIVE;
				CLANG_CXX_LANGUAGE_STANDARD = "gnu++20";
				CLANG_ENABLE_MODULES = YES;
				CLANG_ENABLE_OBJC_ARC = YES;
				CLANG_ENABLE_OBJC_WEAK = YES;
				CLANG_WARN_BLOCK_CAPTURE_AUTORELEASING = YES;
				CLANG_WARN_BOOL_CONVERSION = YES;
				CLANG_WARN_COMMA = YES;
				CLANG_WARN_CONSTANT_CONVERSION = YES;
				CLANG_WARN_DEPRECATED_OBJC_IMPLEMENTATIONS = YES;
				CLANG_WARN_DIRECT_OBJC_ISA_USAGE = YES_ERROR;
				CLANG_WARN_DOCUMENTATION_COMMENTS = YES;
				CLANG_WARN_EMPTY_BODY = YES;
				CLANG_WARN_ENUM_CONVERSION = YES;
				CLANG_WARN_INFINITE_RECURSION = YES;
				CLANG_WARN_INT_CONVERSION = YES;
				CLANG_WARN_NON_LITERAL_NULL_CONVERSION = YES;
				CLANG_WARN_OBJC_IMPLICIT_RETAIN_SELF = YES;
				CLANG_WARN_OBJC_LITERAL_CONVERSION = YES;
				CLANG_WARN_OBJC_ROOT_CLASS = YES_ERROR;
				CLANG_WARN_QUOTED_INCLUDE_IN_FRAMEWORK_HEADER = YES;
				CLANG_WARN_RANGE_LOOP_ANALYSIS = YES;
				CLANG_WARN_STRICT_PROTOTYPES = YES;
				CLANG_WARN_SUSPICIOUS_MOVE = YES;
				CLANG_WARN_UNGUARDED_AVAILABILITY = YES_AGGRESSIVE;
				CLANG_WARN_UNREACHABLE_CODE = YES;
				CLANG_WARN__DUPLICATE_METHOD_MATCH = YES;
				COPY_PHASE_STRIP = NO;
				DEBUG_INFORMATION_FORMAT = "dwarf-with-dsym";
				ENABLE_NS_ASSERTIONS = NO;
				ENABLE_STRICT_OBJC_MSGSEND = YES;
				GCC_C_LANGUAGE_STANDARD = gnu11;
				GCC_NO_COMMON_BLOCKS = YES;
				GCC_WARN_64_TO_32_BIT_CONVERSION = YES;
				GCC_WARN_ABOUT_RETURN_TYPE = YES_ERROR;
				GCC_WARN_UNDECLARED_SELECTOR = YES;
				GCC_WARN_UNINITIALIZED_AUTOS = YES_AGGRESSIVE;
				GCC_WARN_UNUSED_FUNCTION = YES;
				GCC_WARN_UNUSED_VARIABLE = YES;
				IPHONEOS_DEPLOYMENT_TARGET = 16.2;
				MTL_ENABLE_DEBUG_INFO = NO;
				MTL_FAST_MATH = YES;
				SDKROOT = iphoneos;
				SWIFT_COMPILATION_MODE = wholemodule;
				SWIFT_OPTIMIZATION_LEVEL = "-O";
				VALIDATE_PRODUCT = YES;
			};
			name = Release;
		};
		BF7D451629921CC20070E82B /* Debug */ = {
			isa = XCBuildConfiguration;
			buildSettings = {
				ASSETCATALOG_COMPILER_APPICON_NAME = AppIcon;
				ASSETCATALOG_COMPILER_GLOBAL_ACCENT_COLOR_NAME = AccentColor;
				CODE_SIGN_STYLE = Automatic;
				CURRENT_PROJECT_VERSION = 1;
				DEVELOPMENT_ASSET_PATHS = "\"MyReminders/Preview Content\"";
				DEVELOPMENT_TEAM = 5534Y3FYT7;
				ENABLE_PREVIEWS = YES;
				GENERATE_INFOPLIST_FILE = YES;
				INFOPLIST_KEY_UIApplicationSceneManifest_Generation = YES;
				INFOPLIST_KEY_UIApplicationSupportsIndirectInputEvents = YES;
				INFOPLIST_KEY_UILaunchScreen_Generation = YES;
				INFOPLIST_KEY_UISupportedInterfaceOrientations_iPad = "UIInterfaceOrientationPortrait UIInterfaceOrientationPortraitUpsideDown UIInterfaceOrientationLandscapeLeft UIInterfaceOrientationLandscapeRight";
				INFOPLIST_KEY_UISupportedInterfaceOrientations_iPhone = "UIInterfaceOrientationPortrait UIInterfaceOrientationLandscapeLeft UIInterfaceOrientationLandscapeRight";
				LD_RUNPATH_SEARCH_PATHS = (
					"$(inherited)",
					"@executable_path/Frameworks",
				);
				MARKETING_VERSION = 1.0;
				PRODUCT_BUNDLE_IDENTIFIER = com.sanhan.MyReminder;
				PRODUCT_NAME = "$(TARGET_NAME)";
				SWIFT_EMIT_LOC_STRINGS = YES;
				SWIFT_VERSION = 5.0;
				TARGETED_DEVICE_FAMILY = "1,2";
			};
			name = Debug;
		};
		BF7D451729921CC20070E82B /* Release */ = {
			isa = XCBuildConfiguration;
			buildSettings = {
				ASSETCATALOG_COMPILER_APPICON_NAME = AppIcon;
				ASSETCATALOG_COMPILER_GLOBAL_ACCENT_COLOR_NAME = AccentColor;
				CODE_SIGN_STYLE = Automatic;
				CURRENT_PROJECT_VERSION = 1;
				DEVELOPMENT_ASSET_PATHS = "\"MyReminders/Preview Content\"";
				DEVELOPMENT_TEAM = 5534Y3FYT7;
				ENABLE_PREVIEWS = YES;
				GENERATE_INFOPLIST_FILE = YES;
				INFOPLIST_KEY_UIApplicationSceneManifest_Generation = YES;
				INFOPLIST_KEY_UIApplicationSupportsIndirectInputEvents = YES;
				INFOPLIST_KEY_UILaunchScreen_Generation = YES;
				INFOPLIST_KEY_UISupportedInterfaceOrientations_iPad = "UIInterfaceOrientationPortrait UIInterfaceOrientationPortraitUpsideDown UIInterfaceOrientationLandscapeLeft UIInterfaceOrientationLandscapeRight";
				INFOPLIST_KEY_UISupportedInterfaceOrientations_iPhone = "UIInterfaceOrientationPortrait UIInterfaceOrientationLandscapeLeft UIInterfaceOrientationLandscapeRight";
				LD_RUNPATH_SEARCH_PATHS = (
					"$(inherited)",
					"@executable_path/Frameworks",
				);
				MARKETING_VERSION = 1.0;
				PRODUCT_BUNDLE_IDENTIFIER = com.sanhan.MyReminder;
				PRODUCT_NAME = "$(TARGET_NAME)";
				SWIFT_EMIT_LOC_STRINGS = YES;
				SWIFT_VERSION = 5.0;
				TARGETED_DEVICE_FAMILY = "1,2";
			};
			name = Release;
		};
/* End XCBuildConfiguration section */

/* Begin XCConfigurationList section */
		BF7D44FD29921CC00070E82B /* Build configuration list for PBXProject "MyReminders" */ = {
			isa = XCConfigurationList;
			buildConfigurations = (
				BF7D451329921CC20070E82B /* Debug */,
				BF7D451429921CC20070E82B /* Release */,
			);
			defaultConfigurationIsVisible = 0;
			defaultConfigurationName = Release;
		};
		BF7D451529921CC20070E82B /* Build configuration list for PBXNativeTarget "MyReminders" */ = {
			isa = XCConfigurationList;
			buildConfigurations = (
				BF7D451629921CC20070E82B /* Debug */,
				BF7D451729921CC20070E82B /* Release */,
			);
			defaultConfigurationIsVisible = 0;
			defaultConfigurationName = Release;
		};
/* End XCConfigurationList section */

/* Begin XCVersionGroup section */
		BF7D451B2992218C0070E82B /* RemindersModel.xcdatamodeld */ = {
			isa = XCVersionGroup;
			children = (
				BF7D451C2992218C0070E82B /* Model.xcdatamodel */,
			);
			currentVersion = BF7D451C2992218C0070E82B /* Model.xcdatamodel */;
			path = RemindersModel.xcdatamodeld;
			sourceTree = "<group>";
			versionGroupType = wrapper.xcdatamodel;
		};
/* End XCVersionGroup section */
	};
	rootObject = BF7D44FA29921CC00070E82B /* Project object */;
}
